
Microsoft Visual Studio Solution File, Format Version 12.00
# Visual Studio Version 17
VisualStudioVersion = 17.14.36301.6 d17.14
MinimumVisualStudioVersion = 10.0.40219.1
Project("{FAE04EC0-301F-11D3-BF4B-00C04F79EFBC}") = "NZWalks.API", "NZWalks.API\NZWalks.API.csproj", "{61488C3A-7C30-4B44-9AAE-A1CCC34C3ACF}"
EndProject
Global
	GlobalSection(SolutionConfigurationPlatforms) = preSolution
		Debug|Any CPU = Debug|Any CPU
		Release|Any CPU = Release|Any CPU
	EndGlobalSection
	GlobalSection(ProjectConfigurationPlatforms) = postSolution
		{61488C3A-7C30-4B44-9AAE-A1CCC34C3ACF}.Debug|Any CPU.ActiveCfg = Debug|Any CPU
		{61488C3A-7C30-4B44-9AAE-A1CCC34C3ACF}.Debug|Any CPU.Build.0 = Debug|Any CPU
		{61488C3A-7C30-4B44-9AAE-A1CCC34C3ACF}.Release|Any CPU.ActiveCfg = Release|Any CPU
		{61488C3A-7C30-4B44-9AAE-A1CCC34C3ACF}.Release|Any CPU.Build.0 = Release|Any CPU
	EndGlobalSection
	GlobalSection(SolutionProperties) = preSolution
		HideSolutionNode = FALSE
	EndGlobalSection
	GlobalSection(ExtensibilityGlobals) = postSolution
		SolutionGuid = {B04D482A-C5F2-4FDF-984B-DDECF2FB6F0C}
	EndGlobalSection
EndGlobal
